
Microsoft Visual Studio Solution File, Format Version 12.00
# Visual Studio 15
Project("{FAE04EC0-301F-11D3-BF4B-00C04F79EFBC}") = "XamarinForms-CustomToolbar.Android", "XamarinForms-CustomToolbar.Android\XamarinForms-CustomToolbar.Android.csproj", "{2CA4C901-D981-4958-895A-54D2A1CAB2AF}"
EndProject
Project("{FAE04EC0-301F-11D3-BF4B-00C04F79EFBC}") = "XamarinForms-CustomToolbar.iOS", "XamarinForms-CustomToolbar.iOS\XamarinForms-CustomToolbar.iOS.csproj", "{8F632101-20B4-4504-8C51-967B3CCEEF16}"
EndProject
Project("{FAE04EC0-301F-11D3-BF4B-00C04F79EFBC}") = "XamarinForms-CustomToolbar", "XamarinForms-CustomToolbar\XamarinForms-CustomToolbar.csproj", "{44329AA0-40BB-4B16-9D7E-BEEF456270AB}"
EndProject
Global
	GlobalSection(SolutionConfigurationPlatforms) = preSolution
		Debug|Any CPU = Debug|Any CPU
		Release|Any CPU = Release|Any CPU
		Debug|iPhoneSimulator = Debug|iPhoneSimulator
		Release|iPhoneSimulator = Release|iPhoneSimulator
		Debug|iPhone = Debug|iPhone
		Release|iPhone = Release|iPhone
		Ad-Hoc|iPhone = Ad-Hoc|iPhone
		AppStore|iPhone = AppStore|iPhone
	EndGlobalSection
	GlobalSection(ProjectConfigurationPlatforms) = postSolution
		{2CA4C901-D981-4958-895A-54D2A1CAB2AF}.Debug|Any CPU.ActiveCfg = Debug|Any CPU
		{2CA4C901-D981-4958-895A-54D2A1CAB2AF}.Debug|Any CPU.Build.0 = Debug|Any CPU
		{2CA4C901-D981-4958-895A-54D2A1CAB2AF}.Release|Any CPU.ActiveCfg = Release|Any CPU
		{2CA4C901-D981-4958-895A-54D2A1CAB2AF}.Release|Any CPU.Build.0 = Release|Any CPU
		{2CA4C901-D981-4958-895A-54D2A1CAB2AF}.Debug|iPhoneSimulator.ActiveCfg = Debug|Any CPU
		{2CA4C901-D981-4958-895A-54D2A1CAB2AF}.Debug|iPhoneSimulator.Build.0 = Debug|Any CPU
		{2CA4C901-D981-4958-895A-54D2A1CAB2AF}.Release|iPhoneSimulator.ActiveCfg = Release|Any CPU
		{2CA4C901-D981-4958-895A-54D2A1CAB2AF}.Release|iPhoneSimulator.Build.0 = Release|Any CPU
		{2CA4C901-D981-4958-895A-54D2A1CAB2AF}.Debug|iPhone.ActiveCfg = Debug|Any CPU
		{2CA4C901-D981-4958-895A-54D2A1CAB2AF}.Debug|iPhone.Build.0 = Debug|Any CPU
		{2CA4C901-D981-4958-895A-54D2A1CAB2AF}.Release|iPhone.ActiveCfg = Release|Any CPU
		{2CA4C901-D981-4958-895A-54D2A1CAB2AF}.Release|iPhone.Build.0 = Release|Any CPU
		{2CA4C901-D981-4958-895A-54D2A1CAB2AF}.Ad-Hoc|iPhone.ActiveCfg = Debug|Any CPU
		{2CA4C901-D981-4958-895A-54D2A1CAB2AF}.Ad-Hoc|iPhone.Build.0 = Debug|Any CPU
		{2CA4C901-D981-4958-895A-54D2A1CAB2AF}.AppStore|iPhone.ActiveCfg = Debug|Any CPU
		{2CA4C901-D981-4958-895A-54D2A1CAB2AF}.AppStore|iPhone.Build.0 = Debug|Any CPU
		{8F632101-20B4-4504-8C51-967B3CCEEF16}.Debug|Any CPU.ActiveCfg = Debug|iPhoneSimulator
		{8F632101-20B4-4504-8C51-967B3CCEEF16}.Debug|Any CPU.Build.0 = Debug|iPhoneSimulator
		{8F632101-20B4-4504-8C51-967B3CCEEF16}.Release|Any CPU.ActiveCfg = Release|iPhoneSimulator
		{8F632101-20B4-4504-8C51-967B3CCEEF16}.Release|Any CPU.Build.0 = Release|iPhoneSimulator
		{8F632101-20B4-4504-8C51-967B3CCEEF16}.Debug|iPhoneSimulator.ActiveCfg = Debug|iPhoneSimulator
		{8F632101-20B4-4504-8C51-967B3CCEEF16}.Debug|iPhoneSimulator.Build.0 = Debug|iPhoneSimulator
		{8F632101-20B4-4504-8C51-967B3CCEEF16}.Release|iPhoneSimulator.ActiveCfg = Release|iPhoneSimulator
		{8F632101-20B4-4504-8C51-967B3CCEEF16}.Release|iPhoneSimulator.Build.0 = Release|iPhoneSimulator
		{8F632101-20B4-4504-8C51-967B3CCEEF16}.Debug|iPhone.ActiveCfg = Debug|iPhone
		{8F632101-20B4-4504-8C51-967B3CCEEF16}.Debug|iPhone.Build.0 = Debug|iPhone
		{8F632101-20B4-4504-8C51-967B3CCEEF16}.Release|iPhone.ActiveCfg = Release|iPhone
		{8F632101-20B4-4504-8C51-967B3CCEEF16}.Release|iPhone.Build.0 = Release|iPhone
		{8F632101-20B4-4504-8C51-967B3CCEEF16}.Ad-Hoc|iPhone.ActiveCfg = Ad-Hoc|iPhone
		{8F632101-20B4-4504-8C51-967B3CCEEF16}.Ad-Hoc|iPhone.Build.0 = Ad-Hoc|iPhone
		{8F632101-20B4-4504-8C51-967B3CCEEF16}.AppStore|iPhone.ActiveCfg = AppStore|iPhone
		{8F632101-20B4-4504-8C51-967B3CCEEF16}.AppStore|iPhone.Build.0 = AppStore|iPhone
		{44329AA0-40BB-4B16-9D7E-BEEF456270AB}.Debug|Any CPU.ActiveCfg = Debug|Any CPU
		{44329AA0-40BB-4B16-9D7E-BEEF456270AB}.Debug|Any CPU.Build.0 = Debug|Any CPU
		{44329AA0-40BB-4B16-9D7E-BEEF456270AB}.Release|Any CPU.ActiveCfg = Release|Any CPU
		{44329AA0-40BB-4B16-9D7E-BEEF456270AB}.Release|Any CPU.Build.0 = Release|Any CPU
		{44329AA0-40BB-4B16-9D7E-BEEF456270AB}.Debug|iPhoneSimulator.ActiveCfg = Debug|Any CPU
		{44329AA0-40BB-4B16-9D7E-BEEF456270AB}.Debug|iPhoneSimulator.Build.0 = Debug|Any CPU
		{44329AA0-40BB-4B16-9D7E-BEEF456270AB}.Release|iPhoneSimulator.ActiveCfg = Release|Any CPU
		{44329AA0-40BB-4B16-9D7E-BEEF456270AB}.Release|iPhoneSimulator.Build.0 = Release|Any CPU
		{44329AA0-40BB-4B16-9D7E-BEEF456270AB}.Debug|iPhone.ActiveCfg = Debug|Any CPU
		{44329AA0-40BB-4B16-9D7E-BEEF456270AB}.Debug|iPhone.Build.0 = Debug|Any CPU
		{44329AA0-40BB-4B16-9D7E-BEEF456270AB}.Release|iPhone.ActiveCfg = Release|Any CPU
		{44329AA0-40BB-4B16-9D7E-BEEF456270AB}.Release|iPhone.Build.0 = Release|Any CPU
		{44329AA0-40BB-4B16-9D7E-BEEF456270AB}.Ad-Hoc|iPhone.ActiveCfg = Debug|Any CPU
		{44329AA0-40BB-4B16-9D7E-BEEF456270AB}.Ad-Hoc|iPhone.Build.0 = Debug|Any CPU
		{44329AA0-40BB-4B16-9D7E-BEEF456270AB}.AppStore|iPhone.ActiveCfg = Debug|Any CPU
		{44329AA0-40BB-4B16-9D7E-BEEF456270AB}.AppStore|iPhone.Build.0 = Debug|Any CPU
	EndGlobalSection
EndGlobal
